# THIS IS AN AUTOGENERATED FILE. DO NOT EDIT THIS FILE DIRECTLY.
# yarn lockfile v1


coc-json@>=1.2.2:
  version "1.2.2"
  resolved "https://registry.yarnpkg.com/coc-json/-/coc-json-1.2.2.tgz#f499f583a4831e1a362d8c37e547245605ccd32e"
  integrity sha512-H3Xk1D4Y40VMkwM4UDjedFMelRZWGzEBuU4r2iYE07gepYPVGzqzTlqCSWqOLeH4CXY52gF/QkWrOn7AY6CFaw==

coc-python@>=1.2.1:
  version "1.2.1"
  resolved "https://registry.yarnpkg.com/coc-python/-/coc-python-1.2.1.tgz#a88cf3805a984eb5c8903120f5190904f4ef2de7"
  integrity sha512-WQk1HzUSJnY0mPOie4L+4l1XQAIa0ooaiKAocKW22fkZ3qkxMxsSDUyj9C19iRlB05i0NmVobT/K2oFIZm2big==

coc-tsserver@^1.3.12:
  version "1.3.12"
  resolved "https://registry.yarnpkg.com/coc-tsserver/-/coc-tsserver-1.3.12.tgz#bdeef41d9811c5558ea58d8228313dacfadd7cdc"
  integrity sha512-xYu2UVh6Gns2MN2s5AOdxJ2njuT8yB+RZrXlmBlws3JIP2HNSErQ/MjET0nRQ6sVm2cQjjCTwvIRh3MIiYUOTw==
  dependencies:
    typescript "3.5.1"

coc-vimtex@>=1.0.2:
  version "1.0.2"
  resolved "https://registry.yarnpkg.com/coc-vimtex/-/coc-vimtex-1.0.2.tgz#a81a650e7edcbb32a15a30760747b6489834fe9b"
  integrity sha512-C1wz2WSEFEfKWdqxrGVup4hDcinswVuPY+3a47tZZ3RYO8cepRs8wzc2rDX9FYITMckAEWWS581WsRS54jTCWw==

typescript@3.5.1:
  version "3.5.1"
  resolved "https://registry.yarnpkg.com/typescript/-/typescript-3.5.1.tgz#ba72a6a600b2158139c5dd8850f700e231464202"
  integrity sha512-64HkdiRv1yYZsSe4xC1WVgamNigVYjlssIoaH2HcZF0+ijsk5YK2g0G34w9wJkze8+5ow4STd22AynfO6ZYYLw==
